
Microsoft Visual Studio Solution File, Format Version 12.00
# Visual Studio Version 17
VisualStudioVersion = 17.2.32519.379
MinimumVisualStudioVersion = 10.0.40219.1
Project("{FAE04EC0-301F-11D3-BF4B-00C04F79EFBC}") = "ConsoleAppAligner", "ConsoleAppAligner\ConsoleAppAligner.csproj", "{A7212052-AF58-46E5-9F94-6D03DDF6D6FC}"
EndProject
Global
	GlobalSection(SolutionConfigurationPlatforms) = preSolution
		Debug|Any CPU = Debug|Any CPU
		Debug|x64 = Debug|x64
		Debug|x86 = Debug|x86
		Debug-Quick|Any CPU = Debug-Quick|Any CPU
		Debug-Quick|x64 = Debug-Quick|x64
		Debug-Quick|x86 = Debug-Quick|x86
		DebugX86|Any CPU = DebugX86|Any CPU
		DebugX86|x64 = DebugX86|x64
		DebugX86|x86 = DebugX86|x86
		Release|Any CPU = Release|Any CPU
		Release|x64 = Release|x64
		Release|x86 = Release|x86
	EndGlobalSection
	GlobalSection(ProjectConfigurationPlatforms) = postSolution
		{A7212052-AF58-46E5-9F94-6D03DDF6D6FC}.Debug|Any CPU.ActiveCfg = Debug|Any CPU
		{A7212052-AF58-46E5-9F94-6D03DDF6D6FC}.Debug|Any CPU.Build.0 = Debug|Any CPU
		{A7212052-AF58-46E5-9F94-6D03DDF6D6FC}.Debug|x64.ActiveCfg = Debug|Any CPU
		{A7212052-AF58-46E5-9F94-6D03DDF6D6FC}.Debug|x64.Build.0 = Debug|Any CPU
		{A7212052-AF58-46E5-9F94-6D03DDF6D6FC}.Debug|x86.ActiveCfg = Debug|Any CPU
		{A7212052-AF58-46E5-9F94-6D03DDF6D6FC}.Debug|x86.Build.0 = Debug|Any CPU
		{A7212052-AF58-46E5-9F94-6D03DDF6D6FC}.Debug-Quick|Any CPU.ActiveCfg = Debug|Any CPU
		{A7212052-AF58-46E5-9F94-6D03DDF6D6FC}.Debug-Quick|Any CPU.Build.0 = Debug|Any CPU
		{A7212052-AF58-46E5-9F94-6D03DDF6D6FC}.Debug-Quick|x64.ActiveCfg = Debug|Any CPU
		{A7212052-AF58-46E5-9F94-6D03DDF6D6FC}.Debug-Quick|x64.Build.0 = Debug|Any CPU
		{A7212052-AF58-46E5-9F94-6D03DDF6D6FC}.Debug-Quick|x86.ActiveCfg = Debug|Any CPU
		{A7212052-AF58-46E5-9F94-6D03DDF6D6FC}.Debug-Quick|x86.Build.0 = Debug|Any CPU
		{A7212052-AF58-46E5-9F94-6D03DDF6D6FC}.DebugX86|Any CPU.ActiveCfg = Debug|Any CPU
		{A7212052-AF58-46E5-9F94-6D03DDF6D6FC}.DebugX86|Any CPU.Build.0 = Debug|Any CPU
		{A7212052-AF58-46E5-9F94-6D03DDF6D6FC}.DebugX86|x64.ActiveCfg = Debug|Any CPU
		{A7212052-AF58-46E5-9F94-6D03DDF6D6FC}.DebugX86|x64.Build.0 = Debug|Any CPU
		{A7212052-AF58-46E5-9F94-6D03DDF6D6FC}.DebugX86|x86.ActiveCfg = Debug|Any CPU
		{A7212052-AF58-46E5-9F94-6D03DDF6D6FC}.DebugX86|x86.Build.0 = Debug|Any CPU
		{A7212052-AF58-46E5-9F94-6D03DDF6D6FC}.Release|Any CPU.ActiveCfg = Release|Any CPU
		{A7212052-AF58-46E5-9F94-6D03DDF6D6FC}.Release|Any CPU.Build.0 = Release|Any CPU
		{A7212052-AF58-46E5-9F94-6D03DDF6D6FC}.Release|x64.ActiveCfg = Release|Any CPU
		{A7212052-AF58-46E5-9F94-6D03DDF6D6FC}.Release|x64.Build.0 = Release|Any CPU
		{A7212052-AF58-46E5-9F94-6D03DDF6D6FC}.Release|x86.ActiveCfg = Release|Any CPU
		{A7212052-AF58-46E5-9F94-6D03DDF6D6FC}.Release|x86.Build.0 = Release|Any CPU
	EndGlobalSection
	GlobalSection(SolutionProperties) = preSolution
		HideSolutionNode = FALSE
	EndGlobalSection
	GlobalSection(ExtensibilityGlobals) = postSolution
		SolutionGuid = {3ED7146B-8D5E-4B65-98B7-E17D07422423}
	EndGlobalSection
EndGlobal
